{
  "name": "diffpal-ci-tools",
  "version": "0.0.0",
  "lockfileVersion": 3,
  "requires": true,
  "packages": {
    "": {
      "name": "diffpal-ci-tools",
      "version": "0.0.0",
      "dependencies": {
        "@github/copilot": "1.0.61",
        "@omnidist/omnidist": "0.1.30"
      }
    },
    "node_modules/@github/copilot": {
      "version": "1.0.61",
      "resolved": "https://registry.npmjs.org/@github/copilot/-/copilot-1.0.61.tgz",
      "integrity": "sha512-E4f7YXTL2uUZY/ypnfsUruAeSgrHx3AGYEbm5N0DrpzPqoNAZqV6kHEWM4vu+W/nGvydIfPxmOTqaMEhM8r0Uw==",
      "license": "SEE LICENSE IN LICENSE.md",
      "dependencies": {
        "detect-libc": "^2.1.2"
      },
      "bin": {
        "copilot": "npm-loader.js"
      },
      "optionalDependencies": {
        "@github/copilot-darwin-arm64": "1.0.61",
        "@github/copilot-darwin-x64": "1.0.61",
        "@github/copilot-linux-arm64": "1.0.61",
        "@github/copilot-linux-x64": "1.0.61",
        "@github/copilot-linuxmusl-arm64": "1.0.61",
        "@github/copilot-linuxmusl-x64": "1.0.61",
        "@github/copilot-win32-arm64": "1.0.61",
        "@github/copilot-win32-x64": "1.0.61"
      }
    },
    "node_modules/@github/copilot-darwin-arm64": {
      "version": "1.0.61",
      "resolved": "https://registry.npmjs.org/@github/copilot-darwin-arm64/-/copilot-darwin-arm64-1.0.61.tgz",
      "integrity": "sha512-10prvjHRXB0SD28NsIpzdNDgLquQYUwaH5Ev9KVdIWdBPAvlQsHmQ4JSCyD/UILc/nrrr02CKUgum+mZRKUKIg==",
      "cpu": [
        "arm64"
      ],
      "license": "SEE LICENSE IN LICENSE.md",
      "optional": true,
      "os": [
        "darwin"
      ],
      "bin": {
        "copilot-darwin-arm64": "copilot"
      }
    },
    "node_modules/@github/copilot-darwin-x64": {
      "version": "1.0.61",
      "resolved": "https://registry.npmjs.org/@github/copilot-darwin-x64/-/copilot-darwin-x64-1.0.61.tgz",
      "integrity": "sha512-NXUjageJ3mxDfHtXGYu//XhJ+dhJFYObT4R3jeWgIHhd+4lX7FlC754nwlBP/ZuVhJ3ND22JK9sua9d2F3Cbwg==",
      "cpu": [
        "x64"
      ],
      "license": "SEE LICENSE IN LICENSE.md",
      "optional": true,
      "os": [
        "darwin"
      ],
      "bin": {
        "copilot-darwin-x64": "copilot"
      }
    },
    "node_modules/@github/copilot-linux-arm64": {
      "version": "1.0.61",
      "resolved": "https://registry.npmjs.org/@github/copilot-linux-arm64/-/copilot-linux-arm64-1.0.61.tgz",
      "integrity": "sha512-dwB2+QSMr622JkePeK56M7YWXsTT/DQzKfpDq8Lk2kmGU052RZAarRmt8gcNm4anofN7pMSrqc3YHj1TM84MFw==",
      "cpu": [
        "arm64"
      ],
      "license": "SEE LICENSE IN LICENSE.md",
      "optional": true,
      "os": [
        "linux"
      ],
      "bin": {
        "copilot-linux-arm64": "copilot"
      }
    },
    "node_modules/@github/copilot-linux-x64": {
      "version": "1.0.61",
      "resolved": "https://registry.npmjs.org/@github/copilot-linux-x64/-/copilot-linux-x64-1.0.61.tgz",
      "integrity": "sha512-q6n8R8oybvuCmmkP+43w809Wpud/wwRi/fFSZEYJagiNGmYJ00SDkrfJxHbZsAFMpaJC+oTswqzJHjRoZbO74w==",
      "cpu": [
        "x64"
      ],
      "license": "SEE LICENSE IN LICENSE.md",
      "optional": true,
      "os": [
        "linux"
      ],
      "bin": {
        "copilot-linux-x64": "copilot"
      }
    },
    "node_modules/@github/copilot-linuxmusl-arm64": {
      "version": "1.0.61",
      "resolved": "https://registry.npmjs.org/@github/copilot-linuxmusl-arm64/-/copilot-linuxmusl-arm64-1.0.61.tgz",
      "integrity": "sha512-yWo7JXnZS11eJpm68E1RWKMR47EwzPKj3V7GX0EMTd8Fw0T2Aurk9wt9p3c9w0v02nTO1DqJhi68KVWJPdVqvA==",
      "cpu": [
        "arm64"
      ],
      "license": "SEE LICENSE IN LICENSE.md",
      "optional": true,
      "os": [
        "linux"
      ],
      "bin": {
        "copilot-linuxmusl-arm64": "copilot"
      }
    },
    "node_modules/@github/copilot-linuxmusl-x64": {
      "version": "1.0.61",
      "resolved": "https://registry.npmjs.org/@github/copilot-linuxmusl-x64/-/copilot-linuxmusl-x64-1.0.61.tgz",
      "integrity": "sha512-nHzx27Ac4B0fpD9CcmvyrGOBEMJ01CPRgVRP0yAl4wpU4cM2I6+9TPyfYThlWDqZqiUKGXC1ZRQ+B8cJREVGmA==",
      "cpu": [
        "x64"
      ],
      "license": "SEE LICENSE IN LICENSE.md",
      "optional": true,
      "os": [
        "linux"
      ],
      "bin": {
        "copilot-linuxmusl-x64": "copilot"
      }
    },
    "node_modules/@github/copilot-win32-arm64": {
      "version": "1.0.61",
      "resolved": "https://registry.npmjs.org/@github/copilot-win32-arm64/-/copilot-win32-arm64-1.0.61.tgz",
      "integrity": "sha512-k6knzI+K5HlZeJDS/yeJAfoYD4xcURWfuqunpTCyk1pDbIFxmrLSqR/TDi7KNlpsf883n5WqpnB06K5kysdHHQ==",
      "cpu": [
        "arm64"
      ],
      "license": "SEE LICENSE IN LICENSE.md",
      "optional": true,
      "os": [
        "win32"
      ],
      "bin": {
        "copilot-win32-arm64": "copilot.exe"
      }
    },
    "node_modules/@github/copilot-win32-x64": {
      "version": "1.0.61",
      "resolved": "https://registry.npmjs.org/@github/copilot-win32-x64/-/copilot-win32-x64-1.0.61.tgz",
      "integrity": "sha512-L6NZ6o73VZFHd7OoRaztV3Prh1PbW9HXqYsAx+XywNALQvE1u489WBUC1ggfYBW5MTBCf8mxSkYQdb3Am2omsw==",
      "cpu": [
        "x64"
      ],
      "license": "SEE LICENSE IN LICENSE.md",
      "optional": true,
      "os": [
        "win32"
      ],
      "bin": {
        "copilot-win32-x64": "copilot.exe"
      }
    },
    "node_modules/@omnidist/omnidist": {
      "version": "0.1.30",
      "resolved": "https://registry.npmjs.org/@omnidist/omnidist/-/omnidist-0.1.30.tgz",
      "integrity": "sha512-2if3z9cfT5n2NsurfFkCrJu+M83qMUNq5jNInFDb13iIEbKvrFYFDwAizCo6JCjpvv3TmOrGihU4YUBhd89MUg==",
      "license": "SEE LICENSE IN LICENSE",
      "bin": {
        "omnidist": "omnidist.js"
      },
      "engines": {
        "node": ">=16"
      },
      "optionalDependencies": {
        "@omnidist/omnidist-darwin-arm64": "0.1.30",
        "@omnidist/omnidist-darwin-x64": "0.1.30",
        "@omnidist/omnidist-linux-arm64": "0.1.30",
        "@omnidist/omnidist-linux-x64": "0.1.30",
        "@omnidist/omnidist-win32-x64": "0.1.30"
      }
    },
    "node_modules/@omnidist/omnidist-darwin-arm64": {
      "version": "0.1.30",
      "resolved": "https://registry.npmjs.org/@omnidist/omnidist-darwin-arm64/-/omnidist-darwin-arm64-0.1.30.tgz",
      "integrity": "sha512-SJ6lRWHS1oogfXhEwjs7ePgwSDC/cKDwACLrd2+8s2u8zXv7eUKXCV57/M6tgvc81LLcGWlN7Bgf8m2gRhcvKQ==",
      "cpu": [
        "arm64"
      ],
      "license": "SEE LICENSE IN LICENSE",
      "optional": true,
      "os": [
        "darwin"
      ],
      "bin": {
        "omnidist": "bin/omnidist"
      }
    },
    "node_modules/@omnidist/omnidist-darwin-x64": {
      "version": "0.1.30",
      "resolved": "https://registry.npmjs.org/@omnidist/omnidist-darwin-x64/-/omnidist-darwin-x64-0.1.30.tgz",
      "integrity": "sha512-niqVFlEVWZKZT2b2/2fyWbLmreq22hTjlp0WrHT3eIMj5d8l2dJA/7j8oOIrwHOGHWGHfWUW0cqCcM7p5XGdcQ==",
      "cpu": [
        "x64"
      ],
      "license": "SEE LICENSE IN LICENSE",
      "optional": true,
      "os": [
        "darwin"
      ],
      "bin": {
        "omnidist": "bin/omnidist"
      }
    },
    "node_modules/@omnidist/omnidist-linux-arm64": {
      "version": "0.1.30",
      "resolved": "https://registry.npmjs.org/@omnidist/omnidist-linux-arm64/-/omnidist-linux-arm64-0.1.30.tgz",
      "integrity": "sha512-D5OBFcXFy2AIMVHglIMzizjNAoHSJFawWimwPemIIBsssEd0yQXl3l5MgwdJeVZDdC+ioKKmsmlt/2to76axdw==",
      "cpu": [
        "arm64"
      ],
      "license": "SEE LICENSE IN LICENSE",
      "optional": true,
      "os": [
        "linux"
      ],
      "bin": {
        "omnidist": "bin/omnidist"
      }
    },
    "node_modules/@omnidist/omnidist-linux-x64": {
      "version": "0.1.30",
      "resolved": "https://registry.npmjs.org/@omnidist/omnidist-linux-x64/-/omnidist-linux-x64-0.1.30.tgz",
      "integrity": "sha512-UReHqoMWfGxBf0U39pEVo6jwUyGPj3P/d9945WWfpUFdX/GUoDAazrcacu+cuTYAlREctYtKt1pWxiAdmsDahA==",
      "cpu": [
        "x64"
      ],
      "license": "SEE LICENSE IN LICENSE",
      "optional": true,
      "os": [
        "linux"
      ],
      "bin": {
        "omnidist": "bin/omnidist"
      }
    },
    "node_modules/@omnidist/omnidist-win32-x64": {
      "version": "0.1.30",
      "resolved": "https://registry.npmjs.org/@omnidist/omnidist-win32-x64/-/omnidist-win32-x64-0.1.30.tgz",
      "integrity": "sha512-W7oXwgm9dpMyDQs7xCdKh4QEXMKZLPS1MOsPViWRJN+FSMDFc3Xs4+n0Hpp1BYXXPc44mjnrHonlbGNM9AkrmA==",
      "cpu": [
        "x64"
      ],
      "license": "SEE LICENSE IN LICENSE",
      "optional": true,
      "os": [
        "win32"
      ],
      "bin": {
        "omnidist": "bin/omnidist.exe"
      }
    },
    "node_modules/detect-libc": {
      "version": "2.1.2",
      "resolved": "https://registry.npmjs.org/detect-libc/-/detect-libc-2.1.2.tgz",
      "integrity": "sha512-Btj2BOOO83o3WyH59e8MgXsxEQVcarkUOpEYrubB0urwnN10yQ364rsiByU11nZlqWYZm05i/of7io4mzihBtQ==",
      "license": "Apache-2.0",
      "engines": {
        "node": ">=8"
      }
    }
  }
}
