{
  "name": "omnidist",
  "lockfileVersion": 3,
  "requires": true,
  "packages": {
    "": {
      "dependencies": {
        "@omnidist/omnidist": "0.1.30"
      }
    },
    "node_modules/@omnidist/omnidist": {
      "version": "0.1.30",
      "resolved": "https://registry.npmjs.org/@omnidist/omnidist/-/omnidist-0.1.30.tgz",
      "integrity": "sha512-2if3z9cfT5n2NsurfFkCrJu+M83qMUNq5jNInFDb13iIEbKvrFYFDwAizCo6JCjpvv3TmOrGihU4YUBhd89MUg==",
      "license": "SEE LICENSE IN LICENSE",
      "bin": {
        "omnidist": "omnidist.js"
      },
      "engines": {
        "node": ">=16"
      },
      "optionalDependencies": {
        "@omnidist/omnidist-darwin-arm64": "0.1.30",
        "@omnidist/omnidist-darwin-x64": "0.1.30",
        "@omnidist/omnidist-linux-arm64": "0.1.30",
        "@omnidist/omnidist-linux-x64": "0.1.30",
        "@omnidist/omnidist-win32-x64": "0.1.30"
      }
    },
    "node_modules/@omnidist/omnidist-darwin-arm64": {
      "version": "0.1.30",
      "resolved": "https://registry.npmjs.org/@omnidist/omnidist-darwin-arm64/-/omnidist-darwin-arm64-0.1.30.tgz",
      "integrity": "sha512-SJ6lRWHS1oogfXhEwjs7ePgwSDC/cKDwACLrd2+8s2u8zXv7eUKXCV57/M6tgvc81LLcGWlN7Bgf8m2gRhcvKQ==",
      "cpu": [
        "arm64"
      ],
      "license": "SEE LICENSE IN LICENSE",
      "optional": true,
      "os": [
        "darwin"
      ],
      "bin": {
        "omnidist": "bin/omnidist"
      }
    },
    "node_modules/@omnidist/omnidist-darwin-x64": {
      "version": "0.1.30",
      "resolved": "https://registry.npmjs.org/@omnidist/omnidist-darwin-x64/-/omnidist-darwin-x64-0.1.30.tgz",
      "integrity": "sha512-niqVFlEVWZKZT2b2/2fyWbLmreq22hTjlp0WrHT3eIMj5d8l2dJA/7j8oOIrwHOGHWGHfWUW0cqCcM7p5XGdcQ==",
      "cpu": [
        "x64"
      ],
      "license": "SEE LICENSE IN LICENSE",
      "optional": true,
      "os": [
        "darwin"
      ],
      "bin": {
        "omnidist": "bin/omnidist"
      }
    },
    "node_modules/@omnidist/omnidist-linux-arm64": {
      "version": "0.1.30",
      "resolved": "https://registry.npmjs.org/@omnidist/omnidist-linux-arm64/-/omnidist-linux-arm64-0.1.30.tgz",
      "integrity": "sha512-D5OBFcXFy2AIMVHglIMzizjNAoHSJFawWimwPemIIBsssEd0yQXl3l5MgwdJeVZDdC+ioKKmsmlt/2to76axdw==",
      "cpu": [
        "arm64"
      ],
      "license": "SEE LICENSE IN LICENSE",
      "optional": true,
      "os": [
        "linux"
      ],
      "bin": {
        "omnidist": "bin/omnidist"
      }
    },
    "node_modules/@omnidist/omnidist-linux-x64": {
      "version": "0.1.30",
      "resolved": "https://registry.npmjs.org/@omnidist/omnidist-linux-x64/-/omnidist-linux-x64-0.1.30.tgz",
      "integrity": "sha512-UReHqoMWfGxBf0U39pEVo6jwUyGPj3P/d9945WWfpUFdX/GUoDAazrcacu+cuTYAlREctYtKt1pWxiAdmsDahA==",
      "cpu": [
        "x64"
      ],
      "license": "SEE LICENSE IN LICENSE",
      "optional": true,
      "os": [
        "linux"
      ],
      "bin": {
        "omnidist": "bin/omnidist"
      }
    },
    "node_modules/@omnidist/omnidist-win32-x64": {
      "version": "0.1.30",
      "resolved": "https://registry.npmjs.org/@omnidist/omnidist-win32-x64/-/omnidist-win32-x64-0.1.30.tgz",
      "integrity": "sha512-W7oXwgm9dpMyDQs7xCdKh4QEXMKZLPS1MOsPViWRJN+FSMDFc3Xs4+n0Hpp1BYXXPc44mjnrHonlbGNM9AkrmA==",
      "cpu": [
        "x64"
      ],
      "license": "SEE LICENSE IN LICENSE",
      "optional": true,
      "os": [
        "win32"
      ],
      "bin": {
        "omnidist": "bin/omnidist.exe"
      }
    }
  }
}
