{
  "name": "omnidist",
  "lockfileVersion": 3,
  "requires": true,
  "packages": {
    "": {
      "dependencies": {
        "@omnidist/omnidist": "0.1.40"
      }
    },
    "node_modules/@omnidist/omnidist": {
      "version": "0.1.40",
      "resolved": "https://registry.npmjs.org/@omnidist/omnidist/-/omnidist-0.1.40.tgz",
      "integrity": "sha512-2bMT3lDkvZBp8tjI63PVGVRrEBycdee4Uu8aXErn1UnaTV/dBdxxwl65DQ0fOqslEbJcdluSlF1+4qS9JMGxcQ==",
      "license": "SEE LICENSE IN LICENSE",
      "bin": {
        "omnidist": "omnidist.js"
      },
      "engines": {
        "node": ">=16"
      },
      "optionalDependencies": {
        "@omnidist/omnidist-darwin-arm64": "0.1.40",
        "@omnidist/omnidist-darwin-x64": "0.1.40",
        "@omnidist/omnidist-linux-arm64": "0.1.40",
        "@omnidist/omnidist-linux-x64": "0.1.40",
        "@omnidist/omnidist-win32-x64": "0.1.40"
      }
    },
    "node_modules/@omnidist/omnidist-darwin-arm64": {
      "version": "0.1.40",
      "resolved": "https://registry.npmjs.org/@omnidist/omnidist-darwin-arm64/-/omnidist-darwin-arm64-0.1.40.tgz",
      "integrity": "sha512-FspdEDof6vd00OlavqwCrakoRHPpOvS0gl6Bnmspb4w70nY994EESfHdDagj6O3p1G04s2KTkc2gUYwX3QlRAA==",
      "cpu": [
        "arm64"
      ],
      "license": "SEE LICENSE IN LICENSE",
      "optional": true,
      "os": [
        "darwin"
      ]
    },
    "node_modules/@omnidist/omnidist-darwin-x64": {
      "version": "0.1.40",
      "resolved": "https://registry.npmjs.org/@omnidist/omnidist-darwin-x64/-/omnidist-darwin-x64-0.1.40.tgz",
      "integrity": "sha512-FfXddrgcXIaufxmt4AH3u5F39Ac8lqVJ+6yGe/LSamwJB9xoX9EK1w1zklg/0F3SbHKvhmx6rJm2tZ6ICBiztQ==",
      "cpu": [
        "x64"
      ],
      "license": "SEE LICENSE IN LICENSE",
      "optional": true,
      "os": [
        "darwin"
      ]
    },
    "node_modules/@omnidist/omnidist-linux-arm64": {
      "version": "0.1.40",
      "resolved": "https://registry.npmjs.org/@omnidist/omnidist-linux-arm64/-/omnidist-linux-arm64-0.1.40.tgz",
      "integrity": "sha512-Dsb28E9Yqc5koYgWC/M6xbEwFPjU8S07W4aGmxeVz6sUU0O1/MQNUxw8cFButip6TMyi3DE51lagkhngAx45tw==",
      "cpu": [
        "arm64"
      ],
      "license": "SEE LICENSE IN LICENSE",
      "optional": true,
      "os": [
        "linux"
      ]
    },
    "node_modules/@omnidist/omnidist-linux-x64": {
      "version": "0.1.40",
      "resolved": "https://registry.npmjs.org/@omnidist/omnidist-linux-x64/-/omnidist-linux-x64-0.1.40.tgz",
      "integrity": "sha512-T3AHeg3Pfp2X0nApssPhT07S2yvwp6QhlFvue1pSYRDTRrtgL06sjCVlis+LwoMLp4sfTE7BAPxoAOjbBidGog==",
      "cpu": [
        "x64"
      ],
      "license": "SEE LICENSE IN LICENSE",
      "optional": true,
      "os": [
        "linux"
      ]
    },
    "node_modules/@omnidist/omnidist-win32-x64": {
      "version": "0.1.40",
      "resolved": "https://registry.npmjs.org/@omnidist/omnidist-win32-x64/-/omnidist-win32-x64-0.1.40.tgz",
      "integrity": "sha512-1gvgdSHQj2h98TDhckJPL7/Df08r4a1rfV6pMvsXJprw2K3CooD2jKRU/K/oUHyk6EPAHsNrWVAG8UoL3IjKmg==",
      "cpu": [
        "x64"
      ],
      "license": "SEE LICENSE IN LICENSE",
      "optional": true,
      "os": [
        "win32"
      ]
    }
  }
}
