{
  "name": "omnidist",
  "lockfileVersion": 3,
  "requires": true,
  "packages": {
    "": {
      "dependencies": {
        "@omnidist/omnidist": "0.1.37"
      }
    },
    "node_modules/@omnidist/omnidist": {
      "version": "0.1.37",
      "resolved": "https://registry.npmjs.org/@omnidist/omnidist/-/omnidist-0.1.37.tgz",
      "integrity": "sha512-FYmbR6uXGbQ5ol7jR871KlMHg10KyP0pkT76VOca/HNGraUJ0OH6o2PBj6xX1xqLqLsTjdGoexrsn8TeYB8Qtg==",
      "license": "SEE LICENSE IN LICENSE",
      "bin": {
        "omnidist": "omnidist.js"
      },
      "engines": {
        "node": ">=16"
      },
      "optionalDependencies": {
        "@omnidist/omnidist-darwin-arm64": "0.1.37",
        "@omnidist/omnidist-darwin-x64": "0.1.37",
        "@omnidist/omnidist-linux-arm64": "0.1.37",
        "@omnidist/omnidist-linux-x64": "0.1.37",
        "@omnidist/omnidist-win32-x64": "0.1.37"
      }
    },
    "node_modules/@omnidist/omnidist-darwin-arm64": {
      "version": "0.1.37",
      "resolved": "https://registry.npmjs.org/@omnidist/omnidist-darwin-arm64/-/omnidist-darwin-arm64-0.1.37.tgz",
      "integrity": "sha512-N+1jEiF29o80YVv22HSrh1QcOQ6ywlr4V/X4SF84BjKE7Wc3v4CzteGR7DPh+BbtsBfqaIIX9XVopt1kARYTzw==",
      "cpu": [
        "arm64"
      ],
      "license": "SEE LICENSE IN LICENSE",
      "optional": true,
      "os": [
        "darwin"
      ]
    },
    "node_modules/@omnidist/omnidist-darwin-x64": {
      "version": "0.1.37",
      "resolved": "https://registry.npmjs.org/@omnidist/omnidist-darwin-x64/-/omnidist-darwin-x64-0.1.37.tgz",
      "integrity": "sha512-ONvoz6o3C5XOCBV4Xrg4M9obpYCXhRw88R9qFACCJulbiIGbePH9VHXrf9X3iqc4A+SQjrlB/9aZQ7tyLFDEXQ==",
      "cpu": [
        "x64"
      ],
      "license": "SEE LICENSE IN LICENSE",
      "optional": true,
      "os": [
        "darwin"
      ]
    },
    "node_modules/@omnidist/omnidist-linux-arm64": {
      "version": "0.1.37",
      "resolved": "https://registry.npmjs.org/@omnidist/omnidist-linux-arm64/-/omnidist-linux-arm64-0.1.37.tgz",
      "integrity": "sha512-P2mj5Lw8De3+iJKbC86GIfg+p+ZdpraT+fn6uV/h/NFPDvYFDT2NVeEIjmQRxCoUxN6t8Rr2oP/3STXQhUdo3w==",
      "cpu": [
        "arm64"
      ],
      "license": "SEE LICENSE IN LICENSE",
      "optional": true,
      "os": [
        "linux"
      ]
    },
    "node_modules/@omnidist/omnidist-linux-x64": {
      "version": "0.1.37",
      "resolved": "https://registry.npmjs.org/@omnidist/omnidist-linux-x64/-/omnidist-linux-x64-0.1.37.tgz",
      "integrity": "sha512-+7TWDD3A9kdxQgp9Y1Uud9M5gksbRCJX4VihxrETetQfLLDqK0OI3Ht7nRM5UkQz/JmCkWq/q1Wogwd6+zs6hg==",
      "cpu": [
        "x64"
      ],
      "license": "SEE LICENSE IN LICENSE",
      "optional": true,
      "os": [
        "linux"
      ]
    },
    "node_modules/@omnidist/omnidist-win32-x64": {
      "version": "0.1.37",
      "resolved": "https://registry.npmjs.org/@omnidist/omnidist-win32-x64/-/omnidist-win32-x64-0.1.37.tgz",
      "integrity": "sha512-W+CBirSnqPed6Pp4LC6Zq2ZPkedNu5+G8opo/zh0eHIT4uiNKe3yL4IqeFKnfTKv0RX0b2JPyA2Vw9EirPJVGA==",
      "cpu": [
        "x64"
      ],
      "license": "SEE LICENSE IN LICENSE",
      "optional": true,
      "os": [
        "win32"
      ]
    }
  }
}
